{
    "_readme": [
        "This file locks the dependencies of your project to a known state",
        "Read more about it at https://getcomposer.org/doc/01-basic-usage.md#composer-lock-the-lock-file",
        "This file is @generated automatically"
    ],
    "content-hash": "cb1303abb968a4c56eaf28c10f5b4620",
    "packages": [
        {
            "name": "components/font-awesome",
            "version": "4.7.0",
            "source": {
                "type": "git",
                "url": "https://github.com/components/font-awesome.git",
                "reference": "885308b939369d147bec93174722786bc2c4eedd"
            },
            "dist": {
                "type": "zip",
                "url": "https://api.github.com/repos/components/font-awesome/zipball/885308b939369d147bec93174722786bc2c4eedd",
                "reference": "885308b939369d147bec93174722786bc2c4eedd",
                "shasum": ""
            },
            "type": "component",
            "extra": {
                "component": {
                    "styles": [
                        "css/font-awesome.css"
                    ],
                    "files": [
                        "css/font-awesome.min.css",
                        "css/font-awesome.css.map",
                        "fonts/*"
                    ]
                }
            },
            "notification-url": "https://packagist.org/downloads/",
            "license": [
                "MIT",
                "OFL-1.1"
            ],
            "description": "The iconic font designed for use with Twitter Bootstrap.",
            "time": "2016-10-25T10:56:23+00:00"
        },
        {
            "name": "components/jquery",
            "version": "3.1.1",
            "source": {
                "type": "git",
                "url": "https://github.com/components/jquery.git",
                "reference": "09a1658378bc1f818856086396ebeab7d0ec2276"
            },
            "dist": {
                "type": "zip",
                "url": "https://api.github.com/repos/components/jquery/zipball/09a1658378bc1f818856086396ebeab7d0ec2276",
                "reference": "09a1658378bc1f818856086396ebeab7d0ec2276",
                "shasum": ""
            },
            "type": "component",
            "extra": {
                "component": {
                    "scripts": [
                        "jquery.js"
                    ],
                    "files": [
                        "jquery.min.js",
                        "jquery.min.map"
                    ]
                }
            },
            "notification-url": "https://packagist.org/downloads/",
            "license": [
                "MIT"
            ],
            "authors": [
                {
                    "name": "John Resig",
                    "email": "jeresig@gmail.com"
                }
            ],
            "description": "jQuery JavaScript Library",
            "homepage": "http://jquery.com",
            "time": "2016-09-23T06:06:29+00:00"
        },
        {
            "name": "firebase/php-jwt",
            "version": "v4.0.0",
            "source": {
                "type": "git",
                "url": "https://github.com/firebase/php-jwt.git",
                "reference": "dccf163dc8ed7ed6a00afc06c51ee5186a428d35"
            },
            "dist": {
                "type": "zip",
                "url": "https://api.github.com/repos/firebase/php-jwt/zipball/dccf163dc8ed7ed6a00afc06c51ee5186a428d35",
                "reference": "dccf163dc8ed7ed6a00afc06c51ee5186a428d35",
                "shasum": ""
            },
            "require": {
                "php": ">=5.3.0"
            },
            "type": "library",
            "autoload": {
                "psr-4": {
                    "Firebase\\JWT\\": "src"
                }
            },
            "notification-url": "https://packagist.org/downloads/",
            "license": [
                "BSD-3-Clause"
            ],
            "authors": [
                {
                    "name": "Neuman Vong",
                    "email": "neuman+pear@twilio.com",
                    "role": "Developer"
                },
                {
                    "name": "Anant Narayanan",
                    "email": "anant@php.net",
                    "role": "Developer"
                }
            ],
            "description": "A simple library to encode and decode JSON Web Tokens (JWT) in PHP. Should conform to the current spec.",
            "homepage": "https://github.com/firebase/php-jwt",
            "time": "2016-07-18T04:51:16+00:00"
        },
        {
            "name": "nnnick/chartjs",
            "version": "v2.4.0",
            "source": {
                "type": "git",
                "url": "https://github.com/chartjs/Chart.js.git",
                "reference": "18291ea3c5c0620f9f1951a0f04b1484940a7492"
            },
            "dist": {
                "type": "zip",
                "url": "https://api.github.com/repos/chartjs/Chart.js/zipball/18291ea3c5c0620f9f1951a0f04b1484940a7492",
                "reference": "18291ea3c5c0620f9f1951a0f04b1484940a7492",
                "shasum": ""
            },
            "require": {
                "php": ">=5.3.3"
            },
            "type": "library",
            "extra": {
                "branch-alias": {
                    "release/2.0": "v2.0-dev"
                }
            },
            "notification-url": "https://packagist.org/downloads/",
            "license": [
                "MIT"
            ],
            "authors": [
                {
                    "name": "NICK DOWNIE",
                    "email": "hello@nickdownie.com"
                }
            ],
            "description": "Simple HTML5 charts using the canvas element.",
            "homepage": "http://www.chartjs.org/",
            "keywords": [
                "JS",
                "chart"
            ],
            "time": "2016-11-12T17:57:35+00:00"
        },
        {
            "name": "semantic/ui",
            "version": "2.2.7",
            "source": {
                "type": "git",
                "url": "https://github.com/Semantic-Org/Semantic-UI.git",
                "reference": "22acbc26714637a5f0e1248c22aea16622f9822e"
            },
            "dist": {
                "type": "zip",
                "url": "https://api.github.com/repos/Semantic-Org/Semantic-UI/zipball/22acbc26714637a5f0e1248c22aea16622f9822e",
                "reference": "22acbc26714637a5f0e1248c22aea16622f9822e",
                "shasum": ""
            },
            "type": "library",
            "notification-url": "https://packagist.org/downloads/",
            "license": [
                "MIT"
            ],
            "authors": [
                {
                    "name": "Jack Lukic",
                    "email": "jacklukic@gmail.com",
                    "homepage": "http://www.jacklukic.com",
                    "role": "Creator"
                }
            ],
            "description": "Semantic empowers designers and developers by creating a shared vocabulary for UI.",
            "homepage": "http://www.semantic-ui.com",
            "keywords": [
                "css",
                "framework",
                "semantic",
                "ui"
            ],
            "time": "2016-12-21T20:27:28+00:00"
        }
    ],
    "packages-dev": [],
    "aliases": [],
    "minimum-stability": "stable",
    "stability-flags": [],
    "prefer-stable": false,
    "prefer-lowest": false,
    "platform": [],
    "platform-dev": []
}
